
Microsoft Visual Studio Solution File, Format Version 12.00
# Visual Studio Version 17
VisualStudioVersion = 17.7.34024.191
MinimumVisualStudioVersion = 10.0.40219.1
Project("{FAE04EC0-301F-11D3-BF4B-00C04F79EFBC}") = "assign1", "assign1\assign1.csproj", "{63E9FC18-1065-4841-9AAE-09265AE45145}"
EndProject
Global
	GlobalSection(SolutionConfigurationPlatforms) = preSolution
		Debug|Any CPU = Debug|Any CPU
		Release|Any CPU = Release|Any CPU
	EndGlobalSection
	GlobalSection(ProjectConfigurationPlatforms) = postSolution
		{63E9FC18-1065-4841-9AAE-09265AE45145}.Debug|Any CPU.ActiveCfg = Debug|Any CPU
		{63E9FC18-1065-4841-9AAE-09265AE45145}.Debug|Any CPU.Build.0 = Debug|Any CPU
		{63E9FC18-1065-4841-9AAE-09265AE45145}.Release|Any CPU.ActiveCfg = Release|Any CPU
		{63E9FC18-1065-4841-9AAE-09265AE45145}.Release|Any CPU.Build.0 = Release|Any CPU
	EndGlobalSection
	GlobalSection(SolutionProperties) = preSolution
		HideSolutionNode = FALSE
	EndGlobalSection
	GlobalSection(ExtensibilityGlobals) = postSolution
		SolutionGuid = {7653802D-F4F3-44BD-BCC6-0A03D644C280}
	EndGlobalSection
EndGlobal
