
Microsoft Visual Studio Solution File, Format Version 12.00
# Visual Studio Version 17
VisualStudioVersion = 17.5.33627.172
MinimumVisualStudioVersion = 10.0.40219.1
Project("{FAE04EC0-301F-11D3-BF4B-00C04F79EFBC}") = "User Defined controls", "User Defined controls\User Defined controls.csproj", "{7957E494-AA1C-4B74-9DD7-733198A4B4FE}"
EndProject
Global
	GlobalSection(SolutionConfigurationPlatforms) = preSolution
		Debug|Any CPU = Debug|Any CPU
		Release|Any CPU = Release|Any CPU
	EndGlobalSection
	GlobalSection(ProjectConfigurationPlatforms) = postSolution
		{7957E494-AA1C-4B74-9DD7-733198A4B4FE}.Debug|Any CPU.ActiveCfg = Debug|Any CPU
		{7957E494-AA1C-4B74-9DD7-733198A4B4FE}.Debug|Any CPU.Build.0 = Debug|Any CPU
		{7957E494-AA1C-4B74-9DD7-733198A4B4FE}.Release|Any CPU.ActiveCfg = Release|Any CPU
		{7957E494-AA1C-4B74-9DD7-733198A4B4FE}.Release|Any CPU.Build.0 = Release|Any CPU
	EndGlobalSection
	GlobalSection(SolutionProperties) = preSolution
		HideSolutionNode = FALSE
	EndGlobalSection
	GlobalSection(ExtensibilityGlobals) = postSolution
		SolutionGuid = {35677BC0-1A45-43CD-B430-5076D55E40BB}
	EndGlobalSection
EndGlobal
