
Microsoft Visual Studio Solution File, Format Version 12.00
# Visual Studio Version 17
VisualStudioVersion = 17.7.34024.191
MinimumVisualStudioVersion = 10.0.40219.1
Project("{FAE04EC0-301F-11D3-BF4B-00C04F79EFBC}") = "MenuTestForm", "MenuTestForm\MenuTestForm.csproj", "{F298D182-022B-4C48-B3D8-5A0F85879D57}"
EndProject
Global
	GlobalSection(SolutionConfigurationPlatforms) = preSolution
		Debug|Any CPU = Debug|Any CPU
		Release|Any CPU = Release|Any CPU
	EndGlobalSection
	GlobalSection(ProjectConfigurationPlatforms) = postSolution
		{F298D182-022B-4C48-B3D8-5A0F85879D57}.Debug|Any CPU.ActiveCfg = Debug|Any CPU
		{F298D182-022B-4C48-B3D8-5A0F85879D57}.Debug|Any CPU.Build.0 = Debug|Any CPU
		{F298D182-022B-4C48-B3D8-5A0F85879D57}.Release|Any CPU.ActiveCfg = Release|Any CPU
		{F298D182-022B-4C48-B3D8-5A0F85879D57}.Release|Any CPU.Build.0 = Release|Any CPU
	EndGlobalSection
	GlobalSection(SolutionProperties) = preSolution
		HideSolutionNode = FALSE
	EndGlobalSection
	GlobalSection(ExtensibilityGlobals) = postSolution
		SolutionGuid = {1311AA93-35C1-4EB9-A123-D0FE999327C4}
	EndGlobalSection
EndGlobal
