
Microsoft Visual Studio Solution File, Format Version 12.00
# Visual Studio Version 17
VisualStudioVersion = 17.7.34024.191
MinimumVisualStudioVersion = 10.0.40219.1
Project("{FAE04EC0-301F-11D3-BF4B-00C04F79EFBC}") = "Retrieving JSON data from RESTful Web APIs", "Retrieving JSON data from RESTful Web APIs\Retrieving JSON data from RESTful Web APIs.csproj", "{D61E6FA4-EE3C-4382-8351-A707D7A1FB13}"
EndProject
Global
	GlobalSection(SolutionConfigurationPlatforms) = preSolution
		Debug|Any CPU = Debug|Any CPU
		Release|Any CPU = Release|Any CPU
	EndGlobalSection
	GlobalSection(ProjectConfigurationPlatforms) = postSolution
		{D61E6FA4-EE3C-4382-8351-A707D7A1FB13}.Debug|Any CPU.ActiveCfg = Debug|Any CPU
		{D61E6FA4-EE3C-4382-8351-A707D7A1FB13}.Debug|Any CPU.Build.0 = Debug|Any CPU
		{D61E6FA4-EE3C-4382-8351-A707D7A1FB13}.Release|Any CPU.ActiveCfg = Release|Any CPU
		{D61E6FA4-EE3C-4382-8351-A707D7A1FB13}.Release|Any CPU.Build.0 = Release|Any CPU
	EndGlobalSection
	GlobalSection(SolutionProperties) = preSolution
		HideSolutionNode = FALSE
	EndGlobalSection
	GlobalSection(ExtensibilityGlobals) = postSolution
		SolutionGuid = {FEEDF9CE-2022-4389-8F91-2310893C86BF}
	EndGlobalSection
EndGlobal
