
Microsoft Visual Studio Solution File, Format Version 12.00
# Visual Studio Version 17
VisualStudioVersion = 17.7.34024.191
MinimumVisualStudioVersion = 10.0.40219.1
Project("{FAE04EC0-301F-11D3-BF4B-00C04F79EFBC}") = "Product Lookup", "Product Lookup\Product Lookup.csproj", "{6564187F-67E9-4759-BF41-CFDFD52899F5}"
EndProject
Global
	GlobalSection(SolutionConfigurationPlatforms) = preSolution
		Debug|Any CPU = Debug|Any CPU
		Release|Any CPU = Release|Any CPU
	EndGlobalSection
	GlobalSection(ProjectConfigurationPlatforms) = postSolution
		{6564187F-67E9-4759-BF41-CFDFD52899F5}.Debug|Any CPU.ActiveCfg = Debug|Any CPU
		{6564187F-67E9-4759-BF41-CFDFD52899F5}.Debug|Any CPU.Build.0 = Debug|Any CPU
		{6564187F-67E9-4759-BF41-CFDFD52899F5}.Release|Any CPU.ActiveCfg = Release|Any CPU
		{6564187F-67E9-4759-BF41-CFDFD52899F5}.Release|Any CPU.Build.0 = Release|Any CPU
	EndGlobalSection
	GlobalSection(SolutionProperties) = preSolution
		HideSolutionNode = FALSE
	EndGlobalSection
	GlobalSection(ExtensibilityGlobals) = postSolution
		SolutionGuid = {6BA45B22-09D5-4034-B9F4-D656DED301B6}
	EndGlobalSection
EndGlobal
